
Microsoft Visual Studio Solution File, Format Version 12.00
# Visual Studio Version 17
VisualStudioVersion = 17.8.34330.188
MinimumVisualStudioVersion = 10.0.40219.1
Project("{FAE04EC0-301F-11D3-BF4B-00C04F79EFBC}") = "Server", "WebApplication1\Server.csproj", "{513E4E43-146D-4242-8779-BAB7E108830B}"
EndProject
Project("{FAE04EC0-301F-11D3-BF4B-00C04F79EFBC}") = "Client", "Client\Client.csproj", "{8F203DBA-4A10-4EB6-804F-927824FDB3AA}"
EndProject
Global
	GlobalSection(SolutionConfigurationPlatforms) = preSolution
		Debug|Any CPU = Debug|Any CPU
		Release|Any CPU = Release|Any CPU
	EndGlobalSection
	GlobalSection(ProjectConfigurationPlatforms) = postSolution
		{513E4E43-146D-4242-8779-BAB7E108830B}.Debug|Any CPU.ActiveCfg = Debug|Any CPU
		{513E4E43-146D-4242-8779-BAB7E108830B}.Debug|Any CPU.Build.0 = Debug|Any CPU
		{513E4E43-146D-4242-8779-BAB7E108830B}.Release|Any CPU.ActiveCfg = Release|Any CPU
		{513E4E43-146D-4242-8779-BAB7E108830B}.Release|Any CPU.Build.0 = Release|Any CPU
		{8F203DBA-4A10-4EB6-804F-927824FDB3AA}.Debug|Any CPU.ActiveCfg = Debug|Any CPU
		{8F203DBA-4A10-4EB6-804F-927824FDB3AA}.Debug|Any CPU.Build.0 = Debug|Any CPU
		{8F203DBA-4A10-4EB6-804F-927824FDB3AA}.Release|Any CPU.ActiveCfg = Release|Any CPU
		{8F203DBA-4A10-4EB6-804F-927824FDB3AA}.Release|Any CPU.Build.0 = Release|Any CPU
	EndGlobalSection
	GlobalSection(SolutionProperties) = preSolution
		HideSolutionNode = FALSE
	EndGlobalSection
	GlobalSection(ExtensibilityGlobals) = postSolution
		SolutionGuid = {C52ADFDA-3E62-4792-AF5A-043D2733D772}
	EndGlobalSection
EndGlobal
